
Microsoft Visual Studio Solution File, Format Version 12.00
# Visual Studio 14
VisualStudioVersion = 14.0.25420.1
MinimumVisualStudioVersion = 10.0.40219.1
Project("{8BC9CEB8-8B4A-11D0-8D11-00A0C91BC942}") = "Kurs_01_Client", "Kurs_01_Client\Kurs_01_Client.vcxproj", "{245F2902-2C7D-4308-95A1-8B5BEC2E84F4}"
EndProject
Project("{8BC9CEB8-8B4A-11D0-8D11-00A0C91BC942}") = "Kurs_01_Server", "Kurs_01_Server\Kurs_01_Server.vcxproj", "{D5ED653B-3644-47C2-ABE4-EC5F7D191AC5}"
EndProject
Project("{8BC9CEB8-8B4A-11D0-8D11-00A0C91BC942}") = "PWSS_01_LaborkiPierwszeN", "PWSS_01_LaborkiPierwszeN\PWSS_01_LaborkiPierwszeN.vcxproj", "{D0FBF40B-614F-4E3C-9D5B-BD68A56DFEBA}"
EndProject
Project("{8BC9CEB8-8B4A-11D0-8D11-00A0C91BC942}") = "PWSS_02_UslugaDNS", "PWSS_02_UslugaDNS\PWSS_02_UslugaDNS.vcxproj", "{7FF2826B-7560-47F5-BF0F-9FA0504ABBA8}"
EndProject
Project("{8BC9CEB8-8B4A-11D0-8D11-00A0C91BC942}") = "ServerPattern", "ServerPattern\ServerPattern.vcxproj", "{57441F49-2F54-4520-955B-313E0AC87095}"
EndProject
Project("{8BC9CEB8-8B4A-11D0-8D11-00A0C91BC942}") = "PWSS_03_UPD_Lab", "PWSS_03_UPD_Lab\PWSS_03_UPD_Lab.vcxproj", "{6549C8EF-608A-4B19-A9A1-A1FA515D9DD9}"
EndProject
Project("{8BC9CEB8-8B4A-11D0-8D11-00A0C91BC942}") = "PWSS_03_UDP_Suma", "PWSS_03_UDP_Suma\PWSS_03_UDP_Suma.vcxproj", "{B8821750-FF1B-4B19-AD7E-AE2B1FE6D10D}"
EndProject
Project("{8BC9CEB8-8B4A-11D0-8D11-00A0C91BC942}") = "PWSS_03_UDP_Broadcast", "PWSS_03_UDP_Broadcast\PWSS_03_UDP_Broadcast.vcxproj", "{EFBD2AD9-2441-4C35-B36D-A439E272FC59}"
EndProject
Global
	GlobalSection(SolutionConfigurationPlatforms) = preSolution
		Debug|Any CPU = Debug|Any CPU
		Debug|x64 = Debug|x64
		Debug|x86 = Debug|x86
		Release|Any CPU = Release|Any CPU
		Release|x64 = Release|x64
		Release|x86 = Release|x86
	EndGlobalSection
	GlobalSection(ProjectConfigurationPlatforms) = postSolution
		{245F2902-2C7D-4308-95A1-8B5BEC2E84F4}.Debug|Any CPU.ActiveCfg = Debug|Win32
		{245F2902-2C7D-4308-95A1-8B5BEC2E84F4}.Debug|x64.ActiveCfg = Debug|x64
		{245F2902-2C7D-4308-95A1-8B5BEC2E84F4}.Debug|x64.Build.0 = Debug|x64
		{245F2902-2C7D-4308-95A1-8B5BEC2E84F4}.Debug|x86.ActiveCfg = Debug|Win32
		{245F2902-2C7D-4308-95A1-8B5BEC2E84F4}.Debug|x86.Build.0 = Debug|Win32
		{245F2902-2C7D-4308-95A1-8B5BEC2E84F4}.Release|Any CPU.ActiveCfg = Release|Win32
		{245F2902-2C7D-4308-95A1-8B5BEC2E84F4}.Release|x64.ActiveCfg = Release|x64
		{245F2902-2C7D-4308-95A1-8B5BEC2E84F4}.Release|x64.Build.0 = Release|x64
		{245F2902-2C7D-4308-95A1-8B5BEC2E84F4}.Release|x86.ActiveCfg = Release|Win32
		{245F2902-2C7D-4308-95A1-8B5BEC2E84F4}.Release|x86.Build.0 = Release|Win32
		{D5ED653B-3644-47C2-ABE4-EC5F7D191AC5}.Debug|Any CPU.ActiveCfg = Debug|Win32
		{D5ED653B-3644-47C2-ABE4-EC5F7D191AC5}.Debug|x64.ActiveCfg = Debug|x64
		{D5ED653B-3644-47C2-ABE4-EC5F7D191AC5}.Debug|x64.Build.0 = Debug|x64
		{D5ED653B-3644-47C2-ABE4-EC5F7D191AC5}.Debug|x86.ActiveCfg = Debug|Win32
		{D5ED653B-3644-47C2-ABE4-EC5F7D191AC5}.Debug|x86.Build.0 = Debug|Win32
		{D5ED653B-3644-47C2-ABE4-EC5F7D191AC5}.Release|Any CPU.ActiveCfg = Release|Win32
		{D5ED653B-3644-47C2-ABE4-EC5F7D191AC5}.Release|x64.ActiveCfg = Release|x64
		{D5ED653B-3644-47C2-ABE4-EC5F7D191AC5}.Release|x64.Build.0 = Release|x64
		{D5ED653B-3644-47C2-ABE4-EC5F7D191AC5}.Release|x86.ActiveCfg = Release|Win32
		{D5ED653B-3644-47C2-ABE4-EC5F7D191AC5}.Release|x86.Build.0 = Release|Win32
		{D0FBF40B-614F-4E3C-9D5B-BD68A56DFEBA}.Debug|Any CPU.ActiveCfg = Debug|Win32
		{D0FBF40B-614F-4E3C-9D5B-BD68A56DFEBA}.Debug|x64.ActiveCfg = Debug|x64
		{D0FBF40B-614F-4E3C-9D5B-BD68A56DFEBA}.Debug|x64.Build.0 = Debug|x64
		{D0FBF40B-614F-4E3C-9D5B-BD68A56DFEBA}.Debug|x86.ActiveCfg = Debug|Win32
		{D0FBF40B-614F-4E3C-9D5B-BD68A56DFEBA}.Debug|x86.Build.0 = Debug|Win32
		{D0FBF40B-614F-4E3C-9D5B-BD68A56DFEBA}.Release|Any CPU.ActiveCfg = Release|Win32
		{D0FBF40B-614F-4E3C-9D5B-BD68A56DFEBA}.Release|x64.ActiveCfg = Release|x64
		{D0FBF40B-614F-4E3C-9D5B-BD68A56DFEBA}.Release|x64.Build.0 = Release|x64
		{D0FBF40B-614F-4E3C-9D5B-BD68A56DFEBA}.Release|x86.ActiveCfg = Release|Win32
		{D0FBF40B-614F-4E3C-9D5B-BD68A56DFEBA}.Release|x86.Build.0 = Release|Win32
		{7FF2826B-7560-47F5-BF0F-9FA0504ABBA8}.Debug|Any CPU.ActiveCfg = Debug|Win32
		{7FF2826B-7560-47F5-BF0F-9FA0504ABBA8}.Debug|x64.ActiveCfg = Debug|x64
		{7FF2826B-7560-47F5-BF0F-9FA0504ABBA8}.Debug|x64.Build.0 = Debug|x64
		{7FF2826B-7560-47F5-BF0F-9FA0504ABBA8}.Debug|x86.ActiveCfg = Debug|Win32
		{7FF2826B-7560-47F5-BF0F-9FA0504ABBA8}.Debug|x86.Build.0 = Debug|Win32
		{7FF2826B-7560-47F5-BF0F-9FA0504ABBA8}.Release|Any CPU.ActiveCfg = Release|Win32
		{7FF2826B-7560-47F5-BF0F-9FA0504ABBA8}.Release|x64.ActiveCfg = Release|x64
		{7FF2826B-7560-47F5-BF0F-9FA0504ABBA8}.Release|x64.Build.0 = Release|x64
		{7FF2826B-7560-47F5-BF0F-9FA0504ABBA8}.Release|x86.ActiveCfg = Release|Win32
		{7FF2826B-7560-47F5-BF0F-9FA0504ABBA8}.Release|x86.Build.0 = Release|Win32
		{57441F49-2F54-4520-955B-313E0AC87095}.Debug|Any CPU.ActiveCfg = Debug|Win32
		{57441F49-2F54-4520-955B-313E0AC87095}.Debug|x64.ActiveCfg = Debug|x64
		{57441F49-2F54-4520-955B-313E0AC87095}.Debug|x64.Build.0 = Debug|x64
		{57441F49-2F54-4520-955B-313E0AC87095}.Debug|x86.ActiveCfg = Debug|Win32
		{57441F49-2F54-4520-955B-313E0AC87095}.Debug|x86.Build.0 = Debug|Win32
		{57441F49-2F54-4520-955B-313E0AC87095}.Release|Any CPU.ActiveCfg = Release|Win32
		{57441F49-2F54-4520-955B-313E0AC87095}.Release|x64.ActiveCfg = Release|x64
		{57441F49-2F54-4520-955B-313E0AC87095}.Release|x64.Build.0 = Release|x64
		{57441F49-2F54-4520-955B-313E0AC87095}.Release|x86.ActiveCfg = Release|Win32
		{57441F49-2F54-4520-955B-313E0AC87095}.Release|x86.Build.0 = Release|Win32
		{6549C8EF-608A-4B19-A9A1-A1FA515D9DD9}.Debug|Any CPU.ActiveCfg = Debug|Win32
		{6549C8EF-608A-4B19-A9A1-A1FA515D9DD9}.Debug|x64.ActiveCfg = Debug|x64
		{6549C8EF-608A-4B19-A9A1-A1FA515D9DD9}.Debug|x64.Build.0 = Debug|x64
		{6549C8EF-608A-4B19-A9A1-A1FA515D9DD9}.Debug|x86.ActiveCfg = Debug|Win32
		{6549C8EF-608A-4B19-A9A1-A1FA515D9DD9}.Debug|x86.Build.0 = Debug|Win32
		{6549C8EF-608A-4B19-A9A1-A1FA515D9DD9}.Release|Any CPU.ActiveCfg = Release|Win32
		{6549C8EF-608A-4B19-A9A1-A1FA515D9DD9}.Release|x64.ActiveCfg = Release|x64
		{6549C8EF-608A-4B19-A9A1-A1FA515D9DD9}.Release|x64.Build.0 = Release|x64
		{6549C8EF-608A-4B19-A9A1-A1FA515D9DD9}.Release|x86.ActiveCfg = Release|Win32
		{6549C8EF-608A-4B19-A9A1-A1FA515D9DD9}.Release|x86.Build.0 = Release|Win32
		{B8821750-FF1B-4B19-AD7E-AE2B1FE6D10D}.Debug|Any CPU.ActiveCfg = Debug|Win32
		{B8821750-FF1B-4B19-AD7E-AE2B1FE6D10D}.Debug|x64.ActiveCfg = Debug|x64
		{B8821750-FF1B-4B19-AD7E-AE2B1FE6D10D}.Debug|x64.Build.0 = Debug|x64
		{B8821750-FF1B-4B19-AD7E-AE2B1FE6D10D}.Debug|x86.ActiveCfg = Debug|Win32
		{B8821750-FF1B-4B19-AD7E-AE2B1FE6D10D}.Debug|x86.Build.0 = Debug|Win32
		{B8821750-FF1B-4B19-AD7E-AE2B1FE6D10D}.Release|Any CPU.ActiveCfg = Release|Win32
		{B8821750-FF1B-4B19-AD7E-AE2B1FE6D10D}.Release|x64.ActiveCfg = Release|x64
		{B8821750-FF1B-4B19-AD7E-AE2B1FE6D10D}.Release|x64.Build.0 = Release|x64
		{B8821750-FF1B-4B19-AD7E-AE2B1FE6D10D}.Release|x86.ActiveCfg = Release|Win32
		{B8821750-FF1B-4B19-AD7E-AE2B1FE6D10D}.Release|x86.Build.0 = Release|Win32
		{EFBD2AD9-2441-4C35-B36D-A439E272FC59}.Debug|Any CPU.ActiveCfg = Debug|Win32
		{EFBD2AD9-2441-4C35-B36D-A439E272FC59}.Debug|x64.ActiveCfg = Debug|x64
		{EFBD2AD9-2441-4C35-B36D-A439E272FC59}.Debug|x64.Build.0 = Debug|x64
		{EFBD2AD9-2441-4C35-B36D-A439E272FC59}.Debug|x86.ActiveCfg = Debug|Win32
		{EFBD2AD9-2441-4C35-B36D-A439E272FC59}.Debug|x86.Build.0 = Debug|Win32
		{EFBD2AD9-2441-4C35-B36D-A439E272FC59}.Release|Any CPU.ActiveCfg = Release|Win32
		{EFBD2AD9-2441-4C35-B36D-A439E272FC59}.Release|x64.ActiveCfg = Release|x64
		{EFBD2AD9-2441-4C35-B36D-A439E272FC59}.Release|x64.Build.0 = Release|x64
		{EFBD2AD9-2441-4C35-B36D-A439E272FC59}.Release|x86.ActiveCfg = Release|Win32
		{EFBD2AD9-2441-4C35-B36D-A439E272FC59}.Release|x86.Build.0 = Release|Win32
	EndGlobalSection
	GlobalSection(SolutionProperties) = preSolution
		HideSolutionNode = FALSE
	EndGlobalSection
EndGlobal
