
Microsoft Visual Studio Solution File, Format Version 12.00
# Visual Studio 14
VisualStudioVersion = 14.0.25420.1
MinimumVisualStudioVersion = 10.0.40219.1
Project("{8BC9CEB8-8B4A-11D0-8D11-00A0C91BC942}") = "Kurs_01_Client", "Kurs_01_Client\Kurs_01_Client.vcxproj", "{245F2902-2C7D-4308-95A1-8B5BEC2E84F4}"
EndProject
Project("{8BC9CEB8-8B4A-11D0-8D11-00A0C91BC942}") = "Kurs_01_Server", "Kurs_01_Server\Kurs_01_Server.vcxproj", "{D5ED653B-3644-47C2-ABE4-EC5F7D191AC5}"
EndProject
Project("{8BC9CEB8-8B4A-11D0-8D11-00A0C91BC942}") = "PWSS_01_LaborkiPierwszeN", "PWSS_01_LaborkiPierwszeN\PWSS_01_LaborkiPierwszeN.vcxproj", "{D0FBF40B-614F-4E3C-9D5B-BD68A56DFEBA}"
EndProject
Global
	GlobalSection(SolutionConfigurationPlatforms) = preSolution
		Debug|Any CPU = Debug|Any CPU
		Debug|x64 = Debug|x64
		Debug|x86 = Debug|x86
		Release|Any CPU = Release|Any CPU
		Release|x64 = Release|x64
		Release|x86 = Release|x86
	EndGlobalSection
	GlobalSection(ProjectConfigurationPlatforms) = postSolution
		{245F2902-2C7D-4308-95A1-8B5BEC2E84F4}.Debug|Any CPU.ActiveCfg = Debug|Win32
		{245F2902-2C7D-4308-95A1-8B5BEC2E84F4}.Debug|x64.ActiveCfg = Debug|x64
		{245F2902-2C7D-4308-95A1-8B5BEC2E84F4}.Debug|x64.Build.0 = Debug|x64
		{245F2902-2C7D-4308-95A1-8B5BEC2E84F4}.Debug|x86.ActiveCfg = Debug|Win32
		{245F2902-2C7D-4308-95A1-8B5BEC2E84F4}.Debug|x86.Build.0 = Debug|Win32
		{245F2902-2C7D-4308-95A1-8B5BEC2E84F4}.Release|Any CPU.ActiveCfg = Release|Win32
		{245F2902-2C7D-4308-95A1-8B5BEC2E84F4}.Release|x64.ActiveCfg = Release|x64
		{245F2902-2C7D-4308-95A1-8B5BEC2E84F4}.Release|x64.Build.0 = Release|x64
		{245F2902-2C7D-4308-95A1-8B5BEC2E84F4}.Release|x86.ActiveCfg = Release|Win32
		{245F2902-2C7D-4308-95A1-8B5BEC2E84F4}.Release|x86.Build.0 = Release|Win32
		{D5ED653B-3644-47C2-ABE4-EC5F7D191AC5}.Debug|Any CPU.ActiveCfg = Debug|Win32
		{D5ED653B-3644-47C2-ABE4-EC5F7D191AC5}.Debug|x64.ActiveCfg = Debug|x64
		{D5ED653B-3644-47C2-ABE4-EC5F7D191AC5}.Debug|x64.Build.0 = Debug|x64
		{D5ED653B-3644-47C2-ABE4-EC5F7D191AC5}.Debug|x86.ActiveCfg = Debug|Win32
		{D5ED653B-3644-47C2-ABE4-EC5F7D191AC5}.Debug|x86.Build.0 = Debug|Win32
		{D5ED653B-3644-47C2-ABE4-EC5F7D191AC5}.Release|Any CPU.ActiveCfg = Release|Win32
		{D5ED653B-3644-47C2-ABE4-EC5F7D191AC5}.Release|x64.ActiveCfg = Release|x64
		{D5ED653B-3644-47C2-ABE4-EC5F7D191AC5}.Release|x64.Build.0 = Release|x64
		{D5ED653B-3644-47C2-ABE4-EC5F7D191AC5}.Release|x86.ActiveCfg = Release|Win32
		{D5ED653B-3644-47C2-ABE4-EC5F7D191AC5}.Release|x86.Build.0 = Release|Win32
		{D0FBF40B-614F-4E3C-9D5B-BD68A56DFEBA}.Debug|Any CPU.ActiveCfg = Debug|Win32
		{D0FBF40B-614F-4E3C-9D5B-BD68A56DFEBA}.Debug|x64.ActiveCfg = Debug|x64
		{D0FBF40B-614F-4E3C-9D5B-BD68A56DFEBA}.Debug|x64.Build.0 = Debug|x64
		{D0FBF40B-614F-4E3C-9D5B-BD68A56DFEBA}.Debug|x86.ActiveCfg = Debug|Win32
		{D0FBF40B-614F-4E3C-9D5B-BD68A56DFEBA}.Debug|x86.Build.0 = Debug|Win32
		{D0FBF40B-614F-4E3C-9D5B-BD68A56DFEBA}.Release|Any CPU.ActiveCfg = Release|Win32
		{D0FBF40B-614F-4E3C-9D5B-BD68A56DFEBA}.Release|x64.ActiveCfg = Release|x64
		{D0FBF40B-614F-4E3C-9D5B-BD68A56DFEBA}.Release|x64.Build.0 = Release|x64
		{D0FBF40B-614F-4E3C-9D5B-BD68A56DFEBA}.Release|x86.ActiveCfg = Release|Win32
		{D0FBF40B-614F-4E3C-9D5B-BD68A56DFEBA}.Release|x86.Build.0 = Release|Win32
	EndGlobalSection
	GlobalSection(SolutionProperties) = preSolution
		HideSolutionNode = FALSE
	EndGlobalSection
EndGlobal
